{
  "name": "project-ex02",
  "version": "1.0.0",
  "lockfileVersion": 2,
  "requires": true,
  "packages": {
    "": {
      "name": "project-ex02",
      "version": "1.0.0",
      "license": "ISC",
      "dependencies": {
        "douzone-bipa-math": "^1.0.1"
      }
    },
    "../douzone-bipa-math": {
      "version": "1.0.0",
      "extraneous": true,
      "license": "ISC"
    },
    "node_modules/douzone-bipa-math": {
      "version": "1.0.1",
      "resolved": "https://registry.npmjs.org/douzone-bipa-math/-/douzone-bipa-math-1.0.1.tgz",
      "integrity": "sha512-ezb2hqYcvfkMhejzgbaOrE6TvkVRPtxixblg9QPJexy+/AQlfPWAncNLKjKcYfubNlAhERpED4tBuK06zdCRqw=="
    }
  },
  "dependencies": {
    "douzone-bipa-math": {
      "version": "1.0.1",
      "resolved": "https://registry.npmjs.org/douzone-bipa-math/-/douzone-bipa-math-1.0.1.tgz",
      "integrity": "sha512-ezb2hqYcvfkMhejzgbaOrE6TvkVRPtxixblg9QPJexy+/AQlfPWAncNLKjKcYfubNlAhERpED4tBuK06zdCRqw=="
    }
  }
}
